
Microsoft Visual Studio Solution File, Format Version 12.00
# Visual Studio Version 17
VisualStudioVersion = 17.10.35122.118
MinimumVisualStudioVersion = 10.0.40219.1
Project("{FAE04EC0-301F-11D3-BF4B-00C04F79EFBC}") = "BancoDeHoras.Domain", "BancoDeHoras\BancoDeHoras.Domain.csproj", "{5BC053F0-B183-4356-BC83-334605F6AA0E}"
EndProject
Project("{FAE04EC0-301F-11D3-BF4B-00C04F79EFBC}") = "BancoDeHoras.Infraestructure", "BancoDeHoras.Infraestructure\BancoDeHoras.Infraestructure.csproj", "{3CDAB244-687E-4543-BC85-CBB0E4486022}"
EndProject
Project("{FAE04EC0-301F-11D3-BF4B-00C04F79EFBC}") = "BancoDeHoras.CrossCutting", "BancoDeHoras.CrossCutting\BancoDeHoras.CrossCutting.csproj", "{F77B7A9A-EBF4-4888-89B1-90626E0E94CA}"
EndProject
Project("{FAE04EC0-301F-11D3-BF4B-00C04F79EFBC}") = "BancoDeHoras.Application", "BancoDeHoras.Application\BancoDeHoras.Application.csproj", "{8F5CFBCA-67AD-4A7D-A768-60AB364131F5}"
EndProject
Project("{FAE04EC0-301F-11D3-BF4B-00C04F79EFBC}") = "BancoDeHoras.Api", "BancoDeHoras.Api\BancoDeHoras.Api.csproj", "{D21064DF-E2D7-4811-926D-04BFC3FBD64A}"
EndProject
Global
	GlobalSection(SolutionConfigurationPlatforms) = preSolution
		Debug|Any CPU = Debug|Any CPU
		Release|Any CPU = Release|Any CPU
	EndGlobalSection
	GlobalSection(ProjectConfigurationPlatforms) = postSolution
		{5BC053F0-B183-4356-BC83-334605F6AA0E}.Debug|Any CPU.ActiveCfg = Debug|Any CPU
		{5BC053F0-B183-4356-BC83-334605F6AA0E}.Debug|Any CPU.Build.0 = Debug|Any CPU
		{5BC053F0-B183-4356-BC83-334605F6AA0E}.Release|Any CPU.ActiveCfg = Release|Any CPU
		{5BC053F0-B183-4356-BC83-334605F6AA0E}.Release|Any CPU.Build.0 = Release|Any CPU
		{3CDAB244-687E-4543-BC85-CBB0E4486022}.Debug|Any CPU.ActiveCfg = Debug|Any CPU
		{3CDAB244-687E-4543-BC85-CBB0E4486022}.Debug|Any CPU.Build.0 = Debug|Any CPU
		{3CDAB244-687E-4543-BC85-CBB0E4486022}.Release|Any CPU.ActiveCfg = Release|Any CPU
		{3CDAB244-687E-4543-BC85-CBB0E4486022}.Release|Any CPU.Build.0 = Release|Any CPU
		{F77B7A9A-EBF4-4888-89B1-90626E0E94CA}.Debug|Any CPU.ActiveCfg = Debug|Any CPU
		{F77B7A9A-EBF4-4888-89B1-90626E0E94CA}.Debug|Any CPU.Build.0 = Debug|Any CPU
		{F77B7A9A-EBF4-4888-89B1-90626E0E94CA}.Release|Any CPU.ActiveCfg = Release|Any CPU
		{F77B7A9A-EBF4-4888-89B1-90626E0E94CA}.Release|Any CPU.Build.0 = Release|Any CPU
		{8F5CFBCA-67AD-4A7D-A768-60AB364131F5}.Debug|Any CPU.ActiveCfg = Debug|Any CPU
		{8F5CFBCA-67AD-4A7D-A768-60AB364131F5}.Debug|Any CPU.Build.0 = Debug|Any CPU
		{8F5CFBCA-67AD-4A7D-A768-60AB364131F5}.Release|Any CPU.ActiveCfg = Release|Any CPU
		{8F5CFBCA-67AD-4A7D-A768-60AB364131F5}.Release|Any CPU.Build.0 = Release|Any CPU
		{D21064DF-E2D7-4811-926D-04BFC3FBD64A}.Debug|Any CPU.ActiveCfg = Debug|Any CPU
		{D21064DF-E2D7-4811-926D-04BFC3FBD64A}.Debug|Any CPU.Build.0 = Debug|Any CPU
		{D21064DF-E2D7-4811-926D-04BFC3FBD64A}.Release|Any CPU.ActiveCfg = Release|Any CPU
		{D21064DF-E2D7-4811-926D-04BFC3FBD64A}.Release|Any CPU.Build.0 = Release|Any CPU
	EndGlobalSection
	GlobalSection(SolutionProperties) = preSolution
		HideSolutionNode = FALSE
	EndGlobalSection
	GlobalSection(ExtensibilityGlobals) = postSolution
		SolutionGuid = {26211F21-0C30-4F8C-A6B8-66524713D463}
	EndGlobalSection
EndGlobal
